{
    "_readme": [
        "This file locks the dependencies of your project to a known state",
        "Read more about it at https://getcomposer.org/doc/01-basic-usage.md#installing-dependencies",
        "This file is @generated automatically"
    ],
    "content-hash": "629374f5f48806c97fdd2270534eb5b1",
    "packages": [
        {
            "name": "psr/link",
            "version": "1.0.0",
            "source": {
                "type": "git",
                "url": "https://github.com/php-fig/link.git",
                "reference": "eea8e8662d5cd3ae4517c9b864493f59fca95562"
            },
            "dist": {
                "type": "zip",
                "url": "https://api.github.com/repos/php-fig/link/zipball/eea8e8662d5cd3ae4517c9b864493f59fca95562",
                "reference": "eea8e8662d5cd3ae4517c9b864493f59fca95562",
                "shasum": ""
            },
            "require": {
                "php": ">=5.3.0"
            },
            "type": "library",
            "extra": {
                "branch-alias": {
                    "dev-master": "1.0.x-dev"
                }
            },
            "autoload": {
                "psr-4": {
                    "Psr\\Link\\": "src/"
                }
            },
            "notification-url": "https://packagist.org/downloads/",
            "license": [
                "MIT"
            ],
            "authors": [
                {
                    "name": "PHP-FIG",
                    "homepage": "http://www.php-fig.org/"
                }
            ],
            "description": "Common interfaces for HTTP links",
            "keywords": [
                "http",
                "http-link",
                "link",
                "psr",
                "psr-13",
                "rest"
            ],
            "support": {
                "source": "https://github.com/php-fig/link/tree/master"
            },
            "time": "2016-10-28T16:06:13+00:00"
        },
        {
            "name": "symfony/polyfill-php80",
            "version": "v1.31.0",
            "source": {
                "type": "git",
                "url": "https://github.com/symfony/polyfill-php80.git",
                "reference": "60328e362d4c2c802a54fcbf04f9d3fb892b4cf8"
            },
            "dist": {
                "type": "zip",
                "url": "https://api.github.com/repos/symfony/polyfill-php80/zipball/60328e362d4c2c802a54fcbf04f9d3fb892b4cf8",
                "reference": "60328e362d4c2c802a54fcbf04f9d3fb892b4cf8",
                "shasum": ""
            },
            "require": {
                "php": ">=7.2"
            },
            "type": "library",
            "extra": {
                "thanks": {
                    "name": "symfony/polyfill",
                    "url": "https://github.com/symfony/polyfill"
                }
            },
            "autoload": {
                "files": [
                    "bootstrap.php"
                ],
                "psr-4": {
                    "Symfony\\Polyfill\\Php80\\": ""
                },
                "classmap": [
                    "Resources/stubs"
                ]
            },
            "notification-url": "https://packagist.org/downloads/",
            "license": [
                "MIT"
            ],
            "authors": [
                {
                    "name": "Ion Bazan",
                    "email": "ion.bazan@gmail.com"
                },
                {
                    "name": "Nicolas Grekas",
                    "email": "p@tchwork.com"
                },
                {
                    "name": "Symfony Community",
                    "homepage": "https://symfony.com/contributors"
                }
            ],
            "description": "Symfony polyfill backporting some PHP 8.0+ features to lower PHP versions",
            "homepage": "https://symfony.com",
            "keywords": [
                "compatibility",
                "polyfill",
                "portable",
                "shim"
            ],
            "support": {
                "source": "https://github.com/symfony/polyfill-php80/tree/v1.31.0"
            },
            "funding": [
                {
                    "url": "https://symfony.com/sponsor",
                    "type": "custom"
                },
                {
                    "url": "https://github.com/fabpot",
                    "type": "github"
                },
                {
                    "url": "https://tidelift.com/funding/github/packagist/symfony/symfony",
                    "type": "tidelift"
                }
            ],
            "time": "2024-09-09T11:45:10+00:00"
        },
        {
            "name": "symfony/web-link",
            "version": "v5.4.45",
            "source": {
                "type": "git",
                "url": "https://github.com/symfony/web-link.git",
                "reference": "5b71baea258dbbe2a3627cb11c1721e8a2216a55"
            },
            "dist": {
                "type": "zip",
                "url": "https://api.github.com/repos/symfony/web-link/zipball/5b71baea258dbbe2a3627cb11c1721e8a2216a55",
                "reference": "5b71baea258dbbe2a3627cb11c1721e8a2216a55",
                "shasum": ""
            },
            "require": {
                "php": ">=7.2.5",
                "psr/link": "^1.0",
                "symfony/polyfill-php80": "^1.16"
            },
            "conflict": {
                "symfony/http-kernel": "<5.3"
            },
            "provide": {
                "psr/link-implementation": "1.0"
            },
            "require-dev": {
                "symfony/http-kernel": "^5.3|^6.0"
            },
            "suggest": {
                "symfony/http-kernel": ""
            },
            "type": "library",
            "autoload": {
                "psr-4": {
                    "Symfony\\Component\\WebLink\\": ""
                },
                "exclude-from-classmap": [
                    "/Tests/"
                ]
            },
            "notification-url": "https://packagist.org/downloads/",
            "license": [
                "MIT"
            ],
            "authors": [
                {
                    "name": "Kévin Dunglas",
                    "email": "dunglas@gmail.com"
                },
                {
                    "name": "Symfony Community",
                    "homepage": "https://symfony.com/contributors"
                }
            ],
            "description": "Manages links between resources",
            "homepage": "https://symfony.com",
            "keywords": [
                "dns-prefetch",
                "http",
                "http2",
                "link",
                "performance",
                "prefetch",
                "preload",
                "prerender",
                "psr13",
                "push"
            ],
            "support": {
                "source": "https://github.com/symfony/web-link/tree/v5.4.45"
            },
            "funding": [
                {
                    "url": "https://symfony.com/sponsor",
                    "type": "custom"
                },
                {
                    "url": "https://github.com/fabpot",
                    "type": "github"
                },
                {
                    "url": "https://tidelift.com/funding/github/packagist/symfony/symfony",
                    "type": "tidelift"
                }
            ],
            "time": "2024-09-25T14:11:13+00:00"
        }
    ],
    "packages-dev": [],
    "aliases": [],
    "minimum-stability": "stable",
    "stability-flags": {},
    "prefer-stable": false,
    "prefer-lowest": false,
    "platform": {},
    "platform-dev": {},
    "platform-overrides": {
        "php": "7.4.33"
    },
    "plugin-api-version": "2.6.0"
}
